
Microsoft Visual Studio Solution File, Format Version 12.00
# Visual Studio Version 17
VisualStudioVersion = 17.4.33205.214
MinimumVisualStudioVersion = 10.0.40219.1
Project("{FAE04EC0-301F-11D3-BF4B-00C04F79EFBC}") = "IDkood", "IDkood\IDkood.csproj", "{04EB77B3-9719-4D89-BC87-C1A1538517AF}"
EndProject
Global
	GlobalSection(SolutionConfigurationPlatforms) = preSolution
		Debug|Any CPU = Debug|Any CPU
		Release|Any CPU = Release|Any CPU
	EndGlobalSection
	GlobalSection(ProjectConfigurationPlatforms) = postSolution
		{04EB77B3-9719-4D89-BC87-C1A1538517AF}.Debug|Any CPU.ActiveCfg = Debug|Any CPU
		{04EB77B3-9719-4D89-BC87-C1A1538517AF}.Debug|Any CPU.Build.0 = Debug|Any CPU
		{04EB77B3-9719-4D89-BC87-C1A1538517AF}.Release|Any CPU.ActiveCfg = Release|Any CPU
		{04EB77B3-9719-4D89-BC87-C1A1538517AF}.Release|Any CPU.Build.0 = Release|Any CPU
	EndGlobalSection
	GlobalSection(SolutionProperties) = preSolution
		HideSolutionNode = FALSE
	EndGlobalSection
	GlobalSection(ExtensibilityGlobals) = postSolution
		SolutionGuid = {FCA5FB52-6C87-44E6-A771-C1AF39F92CD6}
	EndGlobalSection
EndGlobal
